// !$*UTF8*$!
{ archiveVersion = 1; classes = {}; objectVersion = 77; objects = {
	B00000000000000000000001 = {isa = PBXFileReference; explicitFileType = wrapper.application; includeInIndex = 0; path = Semana06_02_Modal.app; sourceTree = BUILT_PRODUCTS_DIR; };
	B00000000000000000000002 = {isa = PBXFileSystemSynchronizedBuildFileExceptionSet; membershipExceptions = (Info.plist,); target = B00000000000000000000003; };
	B00000000000000000000004 = {isa = PBXFileSystemSynchronizedRootGroup; exceptions = (B00000000000000000000002,); path = Semana06_02_Modal; sourceTree = "<group>"; };
	B00000000000000000000005 = {isa = PBXSourcesBuildPhase; files = (); };
	B00000000000000000000006 = {isa = PBXFrameworksBuildPhase; files = (); };
	B00000000000000000000007 = {isa = PBXResourcesBuildPhase; files = (); };
	B00000000000000000000008 = {isa = PBXGroup; children = (B00000000000000000000004, B00000000000000000000009,); sourceTree = "<group>"; };
	B00000000000000000000009 = {isa = PBXGroup; children = (B00000000000000000000001,); name = Products; sourceTree = "<group>"; };
	B00000000000000000000003 = {isa = PBXNativeTarget; buildConfigurationList = B0000000000000000000000A; buildPhases = (B00000000000000000000005, B00000000000000000000006, B00000000000000000000007,); buildRules = (); dependencies = (); fileSystemSynchronizedGroups = (B00000000000000000000004,); name = Semana06_02_Modal; productName = Semana06_02_Modal; productReference = B00000000000000000000001; productType = "com.apple.product-type.application"; };
	B0000000000000000000000B = {isa = PBXProject; attributes = {BuildIndependentTargetsInParallel = 1; LastSwiftUpdateCheck = 2700; LastUpgradeCheck = 2700; TargetAttributes = {B00000000000000000000003 = {CreatedOnToolsVersion = 27.0;};};}; buildConfigurationList = B0000000000000000000000C; compatibilityVersion = "Xcode 16.0"; developmentRegion = en; knownRegions = (en, Base,); mainGroup = B00000000000000000000008; productRefGroup = B00000000000000000000009; projectDirPath = ""; projectRoot = ""; targets = (B00000000000000000000003,); };
	B0000000000000000000000D = {isa = XCBuildConfiguration; buildSettings = {ASSETCATALOG_COMPILER_APPICON_NAME = AppIcon; ASSETCATALOG_COMPILER_GLOBAL_ACCENT_COLOR_NAME = AccentColor; CODE_SIGN_STYLE = Automatic; CURRENT_PROJECT_VERSION = 1; GENERATE_INFOPLIST_FILE = YES; INFOPLIST_FILE = Semana06_02_Modal/Info.plist; INFOPLIST_KEY_UILaunchStoryboardName = LaunchScreen; INFOPLIST_KEY_UIMainStoryboardFile = Main; LD_RUNPATH_SEARCH_PATHS = ("$(inherited)", "@executable_path/Frameworks",); MARKETING_VERSION = 1.0; PRODUCT_BUNDLE_IDENTIFIER = com.luisd.semana06.modal; PRODUCT_NAME = "$(TARGET_NAME)"; SUPPORTED_PLATFORMS = "iphoneos iphonesimulator"; SUPPORTS_MACCATALYST = NO; SWIFT_DEFAULT_ACTOR_ISOLATION = MainActor; SWIFT_VERSION = 5.0; TARGETED_DEVICE_FAMILY = "1,2"; }; name = Debug; };
	B0000000000000000000000E = {isa = XCBuildConfiguration; buildSettings = {ASSETCATALOG_COMPILER_APPICON_NAME = AppIcon; ASSETCATALOG_COMPILER_GLOBAL_ACCENT_COLOR_NAME = AccentColor; CODE_SIGN_STYLE = Automatic; CURRENT_PROJECT_VERSION = 1; GENERATE_INFOPLIST_FILE = YES; INFOPLIST_FILE = Semana06_02_Modal/Info.plist; INFOPLIST_KEY_UILaunchStoryboardName = LaunchScreen; INFOPLIST_KEY_UIMainStoryboardFile = Main; LD_RUNPATH_SEARCH_PATHS = ("$(inherited)", "@executable_path/Frameworks",); MARKETING_VERSION = 1.0; PRODUCT_BUNDLE_IDENTIFIER = com.luisd.semana06.modal; PRODUCT_NAME = "$(TARGET_NAME)"; SUPPORTED_PLATFORMS = "iphoneos iphonesimulator"; SUPPORTS_MACCATALYST = NO; SWIFT_DEFAULT_ACTOR_ISOLATION = MainActor; SWIFT_VERSION = 5.0; TARGETED_DEVICE_FAMILY = "1,2"; }; name = Release; };
	B0000000000000000000000F = {isa = XCBuildConfiguration; buildSettings = {CLANG_ENABLE_MODULES = YES; CLANG_ENABLE_OBJC_ARC = YES; DEBUG_INFORMATION_FORMAT = dwarf; ENABLE_TESTABILITY = YES; GCC_OPTIMIZATION_LEVEL = 0; IPHONEOS_DEPLOYMENT_TARGET = 16.0; ONLY_ACTIVE_ARCH = YES; SDKROOT = iphoneos; SWIFT_ACTIVE_COMPILATION_CONDITIONS = "DEBUG $(inherited)"; SWIFT_OPTIMIZATION_LEVEL = "-Onone"; }; name = Debug; };
	B00000000000000000000010 = {isa = XCBuildConfiguration; buildSettings = {CLANG_ENABLE_MODULES = YES; CLANG_ENABLE_OBJC_ARC = YES; DEBUG_INFORMATION_FORMAT = "dwarf-with-dsym"; IPHONEOS_DEPLOYMENT_TARGET = 16.0; SDKROOT = iphoneos; SWIFT_COMPILATION_MODE = wholemodule; }; name = Release; };
	B0000000000000000000000A = {isa = XCConfigurationList; buildConfigurations = (B0000000000000000000000D, B0000000000000000000000E,); defaultConfigurationIsVisible = 0; defaultConfigurationName = Release; };
	B0000000000000000000000C = {isa = XCConfigurationList; buildConfigurations = (B0000000000000000000000F, B00000000000000000000010,); defaultConfigurationIsVisible = 0; defaultConfigurationName = Release; };
}; rootObject = B0000000000000000000000B; }
